
Microsoft Visual Studio Solution File, Format Version 12.00
# Visual Studio Version 16
VisualStudioVersion = 16.0.29728.190
MinimumVisualStudioVersion = 10.0.40219.1
Project("{FAE04EC0-301F-11D3-BF4B-00C04F79EFBC}") = "ApiAsp", "ApiAsp\ApiAsp.csproj", "{16C33E24-1CE2-42D4-90F5-AC4A78F2A4BF}"
EndProject
Project("{FAE04EC0-301F-11D3-BF4B-00C04F79EFBC}") = "Data", "Data\Data.csproj", "{2217EB24-7DBA-4851-A79E-2CB8E4C50739}"
EndProject
Project("{FAE04EC0-301F-11D3-BF4B-00C04F79EFBC}") = "Domain", "Domain\Domain.csproj", "{3C5C1A2B-D68C-4F49-891B-BFB1135A3CC9}"
EndProject
Global
	GlobalSection(SolutionConfigurationPlatforms) = preSolution
		Debug|Any CPU = Debug|Any CPU
		Release|Any CPU = Release|Any CPU
	EndGlobalSection
	GlobalSection(ProjectConfigurationPlatforms) = postSolution
		{16C33E24-1CE2-42D4-90F5-AC4A78F2A4BF}.Debug|Any CPU.ActiveCfg = Debug|Any CPU
		{16C33E24-1CE2-42D4-90F5-AC4A78F2A4BF}.Debug|Any CPU.Build.0 = Debug|Any CPU
		{16C33E24-1CE2-42D4-90F5-AC4A78F2A4BF}.Release|Any CPU.ActiveCfg = Release|Any CPU
		{16C33E24-1CE2-42D4-90F5-AC4A78F2A4BF}.Release|Any CPU.Build.0 = Release|Any CPU
		{2217EB24-7DBA-4851-A79E-2CB8E4C50739}.Debug|Any CPU.ActiveCfg = Debug|Any CPU
		{2217EB24-7DBA-4851-A79E-2CB8E4C50739}.Debug|Any CPU.Build.0 = Debug|Any CPU
		{2217EB24-7DBA-4851-A79E-2CB8E4C50739}.Release|Any CPU.ActiveCfg = Release|Any CPU
		{2217EB24-7DBA-4851-A79E-2CB8E4C50739}.Release|Any CPU.Build.0 = Release|Any CPU
		{3C5C1A2B-D68C-4F49-891B-BFB1135A3CC9}.Debug|Any CPU.ActiveCfg = Debug|Any CPU
		{3C5C1A2B-D68C-4F49-891B-BFB1135A3CC9}.Debug|Any CPU.Build.0 = Debug|Any CPU
		{3C5C1A2B-D68C-4F49-891B-BFB1135A3CC9}.Release|Any CPU.ActiveCfg = Release|Any CPU
		{3C5C1A2B-D68C-4F49-891B-BFB1135A3CC9}.Release|Any CPU.Build.0 = Release|Any CPU
	EndGlobalSection
	GlobalSection(SolutionProperties) = preSolution
		HideSolutionNode = FALSE
	EndGlobalSection
	GlobalSection(ExtensibilityGlobals) = postSolution
		SolutionGuid = {9DF288FE-E7F9-4B6D-BFFA-0D4F5903CEC1}
	EndGlobalSection
EndGlobal
